
Microsoft Visual Studio Solution File, Format Version 12.00
# Visual Studio 15
VisualStudioVersion = 15.0.28307.421
MinimumVisualStudioVersion = 10.0.40219.1
Project("{FAE04EC0-301F-11D3-BF4B-00C04F79EFBC}") = "PracticalThree", "PracticalThree\PracticalThree.csproj", "{BF4EC098-5A95-4259-B330-E5CF9AEBDAC4}"
EndProject
Global
	GlobalSection(SolutionConfigurationPlatforms) = preSolution
		Debug|Any CPU = Debug|Any CPU
		Release|Any CPU = Release|Any CPU
	EndGlobalSection
	GlobalSection(ProjectConfigurationPlatforms) = postSolution
		{BF4EC098-5A95-4259-B330-E5CF9AEBDAC4}.Debug|Any CPU.ActiveCfg = Debug|Any CPU
		{BF4EC098-5A95-4259-B330-E5CF9AEBDAC4}.Debug|Any CPU.Build.0 = Debug|Any CPU
		{BF4EC098-5A95-4259-B330-E5CF9AEBDAC4}.Release|Any CPU.ActiveCfg = Release|Any CPU
		{BF4EC098-5A95-4259-B330-E5CF9AEBDAC4}.Release|Any CPU.Build.0 = Release|Any CPU
	EndGlobalSection
	GlobalSection(SolutionProperties) = preSolution
		HideSolutionNode = FALSE
	EndGlobalSection
	GlobalSection(ExtensibilityGlobals) = postSolution
		SolutionGuid = {5CEF74BA-13C5-4AEB-BD23-5C5EE7DA5DCE}
	EndGlobalSection
EndGlobal
